
Microsoft Visual Studio Solution File, Format Version 12.00
# Visual Studio Version 16
VisualStudioVersion = 16.0.31005.135
MinimumVisualStudioVersion = 10.0.40219.1
Project("{FAE04EC0-301F-11D3-BF4B-00C04F79EFBC}") = "CompanySellsParts", "База_данных2\CompanySellsParts.csproj", "{B92327EB-9EF6-4BC0-94A4-E190862825F1}"
EndProject
Global
	GlobalSection(SolutionConfigurationPlatforms) = preSolution
		Debug|Any CPU = Debug|Any CPU
		Release|Any CPU = Release|Any CPU
	EndGlobalSection
	GlobalSection(ProjectConfigurationPlatforms) = postSolution
		{B92327EB-9EF6-4BC0-94A4-E190862825F1}.Debug|Any CPU.ActiveCfg = Debug|Any CPU
		{B92327EB-9EF6-4BC0-94A4-E190862825F1}.Debug|Any CPU.Build.0 = Debug|Any CPU
		{B92327EB-9EF6-4BC0-94A4-E190862825F1}.Release|Any CPU.ActiveCfg = Release|Any CPU
		{B92327EB-9EF6-4BC0-94A4-E190862825F1}.Release|Any CPU.Build.0 = Release|Any CPU
	EndGlobalSection
	GlobalSection(SolutionProperties) = preSolution
		HideSolutionNode = FALSE
	EndGlobalSection
	GlobalSection(ExtensibilityGlobals) = postSolution
		SolutionGuid = {5D7DC1D9-68EF-42E3-938B-197B91940756}
	EndGlobalSection
EndGlobal
